
Microsoft Visual Studio Solution File, Format Version 12.00
# Visual Studio Version 17
VisualStudioVersion = 17.14.36414.22 d17.14
MinimumVisualStudioVersion = 10.0.40219.1
Project("{FAE04EC0-301F-11D3-BF4B-00C04F79EFBC}") = "ChatBotLab", "ChatBotLab.csproj", "{3EA13D53-FE63-4AED-9CF8-3791179F9AE9}"
EndProject
Global
	GlobalSection(SolutionConfigurationPlatforms) = preSolution
		Debug|Any CPU = Debug|Any CPU
		Release|Any CPU = Release|Any CPU
	EndGlobalSection
	GlobalSection(ProjectConfigurationPlatforms) = postSolution
		{3EA13D53-FE63-4AED-9CF8-3791179F9AE9}.Debug|Any CPU.ActiveCfg = Debug|Any CPU
		{3EA13D53-FE63-4AED-9CF8-3791179F9AE9}.Debug|Any CPU.Build.0 = Debug|Any CPU
		{3EA13D53-FE63-4AED-9CF8-3791179F9AE9}.Release|Any CPU.ActiveCfg = Release|Any CPU
		{3EA13D53-FE63-4AED-9CF8-3791179F9AE9}.Release|Any CPU.Build.0 = Release|Any CPU
	EndGlobalSection
	GlobalSection(SolutionProperties) = preSolution
		HideSolutionNode = FALSE
	EndGlobalSection
	GlobalSection(ExtensibilityGlobals) = postSolution
		SolutionGuid = {C15C9C3C-5E42-46BF-BC1F-B3F13D943D23}
	EndGlobalSection
EndGlobal
